{
    "compile": {
        "de.kotka.gradle:gradle-utils": {
            "locked": "0.2.2",
            "requested": "0.2.2"
        },
        "org.clojure:clojure": {
            "locked": "1.7.0",
            "requested": "1.7.0"
        },
        "org.clojure:tools.namespace": {
            "locked": "0.2.11",
            "requested": "0.2.11"
        },
        "us.bpsm:edn-java": {
            "locked": "0.4.3",
            "requested": "0.4.3"
        }
    },
    "compileClasspath": {
        "de.kotka.gradle:gradle-utils": {
            "locked": "0.2.2",
            "requested": "0.2.2"
        },
        "org.clojure:clojure": {
            "locked": "1.7.0",
            "requested": "1.7.0"
        },
        "org.clojure:tools.namespace": {
            "locked": "0.2.11",
            "requested": "0.2.11"
        },
        "us.bpsm:edn-java": {
            "locked": "0.4.3",
            "requested": "0.4.3"
        }
    },
    "compileOnly": {
        "de.kotka.gradle:gradle-utils": {
            "locked": "0.2.2",
            "requested": "0.2.2"
        },
        "org.clojure:clojure": {
            "locked": "1.7.0",
            "requested": "1.7.0"
        },
        "org.clojure:tools.namespace": {
            "locked": "0.2.11",
            "requested": "0.2.11"
        },
        "us.bpsm:edn-java": {
            "locked": "0.4.3",
            "requested": "0.4.3"
        }
    },
    "default": {
        "de.kotka.gradle:gradle-utils": {
            "locked": "0.2.2",
            "requested": "0.2.2"
        },
        "org.clojure:clojure": {
            "locked": "1.7.0",
            "requested": "1.7.0"
        },
        "org.clojure:tools.namespace": {
            "locked": "0.2.11",
            "requested": "0.2.11"
        },
        "us.bpsm:edn-java": {
            "locked": "0.4.3",
            "requested": "0.4.3"
        }
    },
    "jacocoAgent": {
        "org.jacoco:org.jacoco.agent": {
            "locked": "0.7.6.201602180812"
        }
    },
    "jacocoAnt": {
        "org.jacoco:org.jacoco.ant": {
            "locked": "0.7.6.201602180812"
        }
    },
    "runtime": {
        "de.kotka.gradle:gradle-utils": {
            "locked": "0.2.2",
            "requested": "0.2.2"
        },
        "org.clojure:clojure": {
            "locked": "1.7.0",
            "requested": "1.7.0"
        },
        "org.clojure:tools.namespace": {
            "locked": "0.2.11",
            "requested": "0.2.11"
        },
        "us.bpsm:edn-java": {
            "locked": "0.4.3",
            "requested": "0.4.3"
        }
    },
    "testCompile": {
        "com.netflix.nebula:nebula-publishing-plugin": {
            "locked": "4.7.0",
            "requested": "4.+"
        },
        "com.netflix.nebula:nebula-test": {
            "locked": "4.2.0",
            "requested": "4.2.0"
        },
        "de.kotka.gradle:gradle-utils": {
            "locked": "0.2.2",
            "requested": "0.2.2"
        },
        "org.clojure:clojure": {
            "locked": "1.7.0",
            "requested": "1.7.0"
        },
        "org.clojure:tools.namespace": {
            "locked": "0.2.11",
            "requested": "0.2.11"
        },
        "us.bpsm:edn-java": {
            "locked": "0.4.3",
            "requested": "0.4.3"
        }
    },
    "testCompileClasspath": {
        "com.netflix.nebula:nebula-publishing-plugin": {
            "locked": "4.7.0",
            "requested": "4.+"
        },
        "com.netflix.nebula:nebula-test": {
            "locked": "4.2.0",
            "requested": "4.2.0"
        },
        "de.kotka.gradle:gradle-utils": {
            "locked": "0.2.2",
            "requested": "0.2.2"
        },
        "org.clojure:clojure": {
            "locked": "1.7.0",
            "requested": "1.7.0"
        },
        "org.clojure:tools.namespace": {
            "locked": "0.2.11",
            "requested": "0.2.11"
        },
        "us.bpsm:edn-java": {
            "locked": "0.4.3",
            "requested": "0.4.3"
        }
    },
    "testCompileOnly": {
        "com.netflix.nebula:nebula-publishing-plugin": {
            "locked": "4.7.0",
            "requested": "4.+"
        },
        "com.netflix.nebula:nebula-test": {
            "locked": "4.2.0",
            "requested": "4.2.0"
        },
        "de.kotka.gradle:gradle-utils": {
            "locked": "0.2.2",
            "requested": "0.2.2"
        },
        "org.clojure:clojure": {
            "locked": "1.7.0",
            "requested": "1.7.0"
        },
        "org.clojure:tools.namespace": {
            "locked": "0.2.11",
            "requested": "0.2.11"
        },
        "us.bpsm:edn-java": {
            "locked": "0.4.3",
            "requested": "0.4.3"
        }
    },
    "testRuntime": {
        "com.netflix.nebula:nebula-publishing-plugin": {
            "locked": "4.7.0",
            "requested": "4.+"
        },
        "com.netflix.nebula:nebula-test": {
            "locked": "4.2.0",
            "requested": "4.2.0"
        },
        "de.kotka.gradle:gradle-utils": {
            "locked": "0.2.2",
            "requested": "0.2.2"
        },
        "org.clojure:clojure": {
            "locked": "1.7.0",
            "requested": "1.7.0"
        },
        "org.clojure:tools.namespace": {
            "locked": "0.2.11",
            "requested": "0.2.11"
        },
        "us.bpsm:edn-java": {
            "locked": "0.4.3",
            "requested": "0.4.3"
        }
    }
}