# This is a Gradle generated file for dependency locking.
# Manual edits can break the build and are not advised.
# This file is expected to be part of source control.
de.kotka.gradle:gradle-utils:0.2.2
de.kotka.groovy:zweig:0.4.0
org.clojure:clojure:1.10.3
org.clojure:core.specs.alpha:0.2.56
org.clojure:java.classpath:1.0.0
org.clojure:spec.alpha:0.2.194
org.clojure:tools.namespace:1.1.0
org.clojure:tools.reader:1.3.4
us.bpsm:edn-java:0.4.3
