# This is a Gradle generated file for dependency locking.
# Manual edits can break the build and are not advised.
# This file is expected to be part of source control.
antlr:antlr:2.7.7
asm:asm-analysis:3.2
asm:asm-commons:3.2
asm:asm-tree:3.2
asm:asm-util:3.2
asm:asm:3.2
de.kotka.gradle:gradle-utils:0.2.2
de.kotka.groovy:zweig:0.4.0
org.clojure:clojure:1.7.0
org.clojure:tools.namespace:0.2.11
org.codehaus.groovy:groovy:1.8.9
us.bpsm:edn-java:0.4.3
